{
  "name": "customers",
  "version": "0.1.0",
  "lockfileVersion": 1,
  "requires": true,
  "dependencies": {
    "caniuse-lite": {
      "version": "1.0.30001374",
      "resolved": "https://registry.npmjs.org/caniuse-lite/-/caniuse-lite-1.0.30001374.tgz",
      "integrity": "sha512-mWvzatRx3w+j5wx/mpFN5v5twlPrabG8NqX2c6e45LCpymdoGqNvRkRutFUqpRTXKFQFNQJasvK0YT7suW6/Hw=="
    },
    "web-vitals": {
      "version": "1.1.2"
    }
  }
}
